
Microsoft Visual Studio Solution File, Format Version 12.00
# Visual Studio Version 16
VisualStudioVersion = 16.0.31005.135
MinimumVisualStudioVersion = 10.0.40219.1
Project("{FAE04EC0-301F-11D3-BF4B-00C04F79EFBC}") = "ConsoleLaba02", "ConsoleLaba02\ConsoleLaba02.csproj", "{A90E5B76-9EEE-4383-915E-7AB22FE5D1D8}"
EndProject
Global
	GlobalSection(SolutionConfigurationPlatforms) = preSolution
		Debug|Any CPU = Debug|Any CPU
		Release|Any CPU = Release|Any CPU
	EndGlobalSection
	GlobalSection(ProjectConfigurationPlatforms) = postSolution
		{A90E5B76-9EEE-4383-915E-7AB22FE5D1D8}.Debug|Any CPU.ActiveCfg = Debug|Any CPU
		{A90E5B76-9EEE-4383-915E-7AB22FE5D1D8}.Debug|Any CPU.Build.0 = Debug|Any CPU
		{A90E5B76-9EEE-4383-915E-7AB22FE5D1D8}.Release|Any CPU.ActiveCfg = Release|Any CPU
		{A90E5B76-9EEE-4383-915E-7AB22FE5D1D8}.Release|Any CPU.Build.0 = Release|Any CPU
	EndGlobalSection
	GlobalSection(SolutionProperties) = preSolution
		HideSolutionNode = FALSE
	EndGlobalSection
	GlobalSection(ExtensibilityGlobals) = postSolution
		SolutionGuid = {F437F05F-E470-4C48-B53B-20BAC077E16A}
	EndGlobalSection
EndGlobal
